
Microsoft Visual Studio Solution File, Format Version 12.00
# Visual Studio Version 17
VisualStudioVersion = 17.6.33723.286
MinimumVisualStudioVersion = 10.0.40219.1
Project("{FAE04EC0-301F-11D3-BF4B-00C04F79EFBC}") = "Calculator", "Calculator.csproj", "{DC99F5E0-ACA9-432D-8656-DB0FCF0508C1}"
EndProject
Global
	GlobalSection(SolutionConfigurationPlatforms) = preSolution
		Debug|Any CPU = Debug|Any CPU
		Release|Any CPU = Release|Any CPU
	EndGlobalSection
	GlobalSection(ProjectConfigurationPlatforms) = postSolution
		{DC99F5E0-ACA9-432D-8656-DB0FCF0508C1}.Debug|Any CPU.ActiveCfg = Debug|Any CPU
		{DC99F5E0-ACA9-432D-8656-DB0FCF0508C1}.Debug|Any CPU.Build.0 = Debug|Any CPU
		{DC99F5E0-ACA9-432D-8656-DB0FCF0508C1}.Release|Any CPU.ActiveCfg = Release|Any CPU
		{DC99F5E0-ACA9-432D-8656-DB0FCF0508C1}.Release|Any CPU.Build.0 = Release|Any CPU
	EndGlobalSection
	GlobalSection(SolutionProperties) = preSolution
		HideSolutionNode = FALSE
	EndGlobalSection
	GlobalSection(ExtensibilityGlobals) = postSolution
		SolutionGuid = {112052E2-E60C-4391-AF32-B5F8AAEC941F}
	EndGlobalSection
EndGlobal
